
Microsoft Visual Studio Solution File, Format Version 12.00
# Visual Studio 2013
VisualStudioVersion = 12.0.31101.0
MinimumVisualStudioVersion = 10.0.40219.1
Project("{FAE04EC0-301F-11D3-BF4B-00C04F79EFBC}") = "Swarm.Wpf.Workspace.Application", "Swarm.Wpf.Workspace.Application\Swarm.Wpf.Workspace.Application.csproj", "{CEAC126C-34FE-49E2-8890-81738AF8A965}"
EndProject
Project("{FAE04EC0-301F-11D3-BF4B-00C04F79EFBC}") = "Swarm.Wpf.Workspace", "Swarm.Wpf.Workspace\Swarm.Wpf.Workspace.csproj", "{C69459B8-DC46-4A7D-9BA3-606E8E6E5D44}"
EndProject
Global
	GlobalSection(SolutionConfigurationPlatforms) = preSolution
		Debug|Any CPU = Debug|Any CPU
		Release|Any CPU = Release|Any CPU
	EndGlobalSection
	GlobalSection(ProjectConfigurationPlatforms) = postSolution
		{CEAC126C-34FE-49E2-8890-81738AF8A965}.Debug|Any CPU.ActiveCfg = Debug|Any CPU
		{CEAC126C-34FE-49E2-8890-81738AF8A965}.Debug|Any CPU.Build.0 = Debug|Any CPU
		{CEAC126C-34FE-49E2-8890-81738AF8A965}.Release|Any CPU.ActiveCfg = Release|Any CPU
		{CEAC126C-34FE-49E2-8890-81738AF8A965}.Release|Any CPU.Build.0 = Release|Any CPU
		{C69459B8-DC46-4A7D-9BA3-606E8E6E5D44}.Debug|Any CPU.ActiveCfg = Debug|Any CPU
		{C69459B8-DC46-4A7D-9BA3-606E8E6E5D44}.Debug|Any CPU.Build.0 = Debug|Any CPU
		{C69459B8-DC46-4A7D-9BA3-606E8E6E5D44}.Release|Any CPU.ActiveCfg = Release|Any CPU
		{C69459B8-DC46-4A7D-9BA3-606E8E6E5D44}.Release|Any CPU.Build.0 = Release|Any CPU
	EndGlobalSection
	GlobalSection(SolutionProperties) = preSolution
		HideSolutionNode = FALSE
	EndGlobalSection
EndGlobal
